
Microsoft Visual Studio Solution File, Format Version 12.00
# Visual Studio Version 17
VisualStudioVersion = 17.7.34024.191
MinimumVisualStudioVersion = 10.0.40219.1
Project("{FAE04EC0-301F-11D3-BF4B-00C04F79EFBC}") = "SmartSchool", "SmartSchool\SmartSchool.csproj", "{661A823F-A84B-4668-A174-ABC123EF1E86}"
EndProject
Project("{FAE04EC0-301F-11D3-BF4B-00C04F79EFBC}") = "DataAccess", "DataAccess\DataAccess.csproj", "{3AC75501-932D-417A-B3A7-0C81D3EE6336}"
EndProject
Project("{FAE04EC0-301F-11D3-BF4B-00C04F79EFBC}") = "Common", "Common\Common.csproj", "{7AF52640-DC75-4F85-8000-EED271B80693}"
EndProject
Project("{FAE04EC0-301F-11D3-BF4B-00C04F79EFBC}") = "Business", "Business\Business.csproj", "{470FF166-A3E9-4265-858A-33EDC5F6F8C5}"
EndProject
Project("{FAE04EC0-301F-11D3-BF4B-00C04F79EFBC}") = "Objects", "Objects\Objects.csproj", "{F87E3642-A918-4763-92FB-B0E15D2E5EEE}"
EndProject
Global
	GlobalSection(SolutionConfigurationPlatforms) = preSolution
		Debug|Any CPU = Debug|Any CPU
		Release|Any CPU = Release|Any CPU
	EndGlobalSection
	GlobalSection(ProjectConfigurationPlatforms) = postSolution
		{661A823F-A84B-4668-A174-ABC123EF1E86}.Debug|Any CPU.ActiveCfg = Debug|Any CPU
		{661A823F-A84B-4668-A174-ABC123EF1E86}.Debug|Any CPU.Build.0 = Debug|Any CPU
		{661A823F-A84B-4668-A174-ABC123EF1E86}.Release|Any CPU.ActiveCfg = Release|Any CPU
		{661A823F-A84B-4668-A174-ABC123EF1E86}.Release|Any CPU.Build.0 = Release|Any CPU
		{3AC75501-932D-417A-B3A7-0C81D3EE6336}.Debug|Any CPU.ActiveCfg = Debug|Any CPU
		{3AC75501-932D-417A-B3A7-0C81D3EE6336}.Debug|Any CPU.Build.0 = Debug|Any CPU
		{3AC75501-932D-417A-B3A7-0C81D3EE6336}.Release|Any CPU.ActiveCfg = Release|Any CPU
		{3AC75501-932D-417A-B3A7-0C81D3EE6336}.Release|Any CPU.Build.0 = Release|Any CPU
		{7AF52640-DC75-4F85-8000-EED271B80693}.Debug|Any CPU.ActiveCfg = Debug|Any CPU
		{7AF52640-DC75-4F85-8000-EED271B80693}.Debug|Any CPU.Build.0 = Debug|Any CPU
		{7AF52640-DC75-4F85-8000-EED271B80693}.Release|Any CPU.ActiveCfg = Release|Any CPU
		{7AF52640-DC75-4F85-8000-EED271B80693}.Release|Any CPU.Build.0 = Release|Any CPU
		{470FF166-A3E9-4265-858A-33EDC5F6F8C5}.Debug|Any CPU.ActiveCfg = Debug|Any CPU
		{470FF166-A3E9-4265-858A-33EDC5F6F8C5}.Debug|Any CPU.Build.0 = Debug|Any CPU
		{470FF166-A3E9-4265-858A-33EDC5F6F8C5}.Release|Any CPU.ActiveCfg = Release|Any CPU
		{470FF166-A3E9-4265-858A-33EDC5F6F8C5}.Release|Any CPU.Build.0 = Release|Any CPU
		{F87E3642-A918-4763-92FB-B0E15D2E5EEE}.Debug|Any CPU.ActiveCfg = Debug|Any CPU
		{F87E3642-A918-4763-92FB-B0E15D2E5EEE}.Debug|Any CPU.Build.0 = Debug|Any CPU
		{F87E3642-A918-4763-92FB-B0E15D2E5EEE}.Release|Any CPU.ActiveCfg = Release|Any CPU
		{F87E3642-A918-4763-92FB-B0E15D2E5EEE}.Release|Any CPU.Build.0 = Release|Any CPU
	EndGlobalSection
	GlobalSection(SolutionProperties) = preSolution
		HideSolutionNode = FALSE
	EndGlobalSection
	GlobalSection(ExtensibilityGlobals) = postSolution
		SolutionGuid = {1A16423D-CFC6-4853-A58B-A5EF82E81AE7}
	EndGlobalSection
EndGlobal
